
Microsoft Visual Studio Solution File, Format Version 12.00
# Visual Studio Version 17
VisualStudioVersion = 17.11.35222.181
MinimumVisualStudioVersion = 10.0.40219.1
Project("{C9674DCB-5085-4A16-B785-4C70DD1589BD}") = "valdiation_test", "valdiation_test.dtproj", "{63D0CC38-41ED-46D1-BEFE-2AAFD4CAB249}"
EndProject
Global
	GlobalSection(SolutionConfigurationPlatforms) = preSolution
		Development|Default = Development|Default
	EndGlobalSection
	GlobalSection(ProjectConfigurationPlatforms) = postSolution
		{63D0CC38-41ED-46D1-BEFE-2AAFD4CAB249}.Development|Default.ActiveCfg = Development
		{63D0CC38-41ED-46D1-BEFE-2AAFD4CAB249}.Development|Default.Build.0 = Development
	EndGlobalSection
	GlobalSection(SolutionProperties) = preSolution
		HideSolutionNode = FALSE
	EndGlobalSection
	GlobalSection(ExtensibilityGlobals) = postSolution
		SolutionGuid = {2B25B455-80EC-454B-9C2A-7898F5F49338}
	EndGlobalSection
EndGlobal
